
Microsoft Visual Studio Solution File, Format Version 12.00
# Visual Studio Version 17
VisualStudioVersion = 17.4.33110.190
MinimumVisualStudioVersion = 10.0.40219.1
Project("{FAE04EC0-301F-11D3-BF4B-00C04F79EFBC}") = "AnimalNames1", "AnimalNames1\AnimalNames1.csproj", "{8CD22A3F-970E-4399-A387-2AC3B3E5C97E}"
EndProject
Global
	GlobalSection(SolutionConfigurationPlatforms) = preSolution
		Debug|Any CPU = Debug|Any CPU
		Release|Any CPU = Release|Any CPU
	EndGlobalSection
	GlobalSection(ProjectConfigurationPlatforms) = postSolution
		{8CD22A3F-970E-4399-A387-2AC3B3E5C97E}.Debug|Any CPU.ActiveCfg = Debug|Any CPU
		{8CD22A3F-970E-4399-A387-2AC3B3E5C97E}.Debug|Any CPU.Build.0 = Debug|Any CPU
		{8CD22A3F-970E-4399-A387-2AC3B3E5C97E}.Release|Any CPU.ActiveCfg = Release|Any CPU
		{8CD22A3F-970E-4399-A387-2AC3B3E5C97E}.Release|Any CPU.Build.0 = Release|Any CPU
	EndGlobalSection
	GlobalSection(SolutionProperties) = preSolution
		HideSolutionNode = FALSE
	EndGlobalSection
	GlobalSection(ExtensibilityGlobals) = postSolution
		SolutionGuid = {4E942F7A-F435-471B-90EC-245D824A40E8}
	EndGlobalSection
EndGlobal
